
Microsoft Visual Studio Solution File, Format Version 12.00
# Visual Studio Version 16
VisualStudioVersion = 16.0.32630.194
MinimumVisualStudioVersion = 10.0.40219.1
Project("{9A19103F-16F7-4668-BE54-9A1E7A4F7556}") = "Desafio funções", "Desafio funções.csproj", "{A4B0D801-D8B5-49B3-90CD-39FD6188F1C6}"
EndProject
Project("{FAE04EC0-301F-11D3-BF4B-00C04F79EFBC}") = "Desafio iniciante", "..\Desafio iniciante\Desafio iniciante.csproj", "{FD857632-5027-4B68-B807-E6AE572D9541}"
EndProject
Project("{FAE04EC0-301F-11D3-BF4B-00C04F79EFBC}") = "Desafio 1002", "..\Desafio 1002\Desafio 1002.csproj", "{8174A407-CAEF-4F07-B981-D44AECC047EA}"
EndProject
Project("{FAE04EC0-301F-11D3-BF4B-00C04F79EFBC}") = "Desafio 1003", "..\Desafio 1003\Desafio 1003.csproj", "{6023C378-8939-4CF0-B0B2-390426E19515}"
EndProject
Project("{FAE04EC0-301F-11D3-BF4B-00C04F79EFBC}") = "Desafio 1004", "..\Desafio 1004\Desafio 1004.csproj", "{5E1ECE46-3A3B-47E9-910E-D5717163AFFF}"
EndProject
Project("{FAE04EC0-301F-11D3-BF4B-00C04F79EFBC}") = "Desafio 1005", "..\Desafio 1005\Desafio 1005.csproj", "{B8CEF601-A133-4BDE-92AB-AF07733D0799}"
EndProject
Project("{FAE04EC0-301F-11D3-BF4B-00C04F79EFBC}") = "Desafio 1007", "..\Desafio 1007\Desafio 1007.csproj", "{C9D11A67-0EBF-4D2F-BCFC-259F728DFA17}"
EndProject
Project("{FAE04EC0-301F-11D3-BF4B-00C04F79EFBC}") = "Desafio 1008", "..\Desafio 1008\Desafio 1008.csproj", "{03E43F20-818A-4C12-9642-E6AF44C33061}"
EndProject
Project("{FAE04EC0-301F-11D3-BF4B-00C04F79EFBC}") = "Desafio 1009", "..\Desafio 1009\Desafio 1009.csproj", "{4A28FBA5-4666-439E-ADE7-C05A0160CB17}"
EndProject
Project("{FAE04EC0-301F-11D3-BF4B-00C04F79EFBC}") = "Desafio 1010", "..\Desafio 1010\Desafio 1010.csproj", "{FE94471B-86BF-4927-9747-0F6F4F5A2631}"
EndProject
Project("{FAE04EC0-301F-11D3-BF4B-00C04F79EFBC}") = "Desafio 1011", "..\Desafio 1011\Desafio 1011.csproj", "{E77CCB5C-415F-4ACB-A984-2C91E951241F}"
EndProject
Project("{FAE04EC0-301F-11D3-BF4B-00C04F79EFBC}") = "Desafio 1012", "..\Desafio 1012\Desafio 1012.csproj", "{650E350F-7484-4C42-9A7F-353B4F1F171F}"
EndProject
Project("{FAE04EC0-301F-11D3-BF4B-00C04F79EFBC}") = "Desafio 1014", "..\Desafio 1014\Desafio 1014.csproj", "{456E5801-063D-483F-A0F0-8567DD044E27}"
EndProject
Project("{FAE04EC0-301F-11D3-BF4B-00C04F79EFBC}") = "Desafio 1015", "..\Desafio 1015\Desafio 1015.csproj", "{56292FF6-15FD-4EA7-B783-00EB08D1DB27}"
EndProject
Project("{FAE04EC0-301F-11D3-BF4B-00C04F79EFBC}") = "Desafio 1016", "..\Desafio 1016\Desafio 1016.csproj", "{D64EEAA2-2FFF-42F6-B4FB-1DC699A3A591}"
EndProject
Project("{FAE04EC0-301F-11D3-BF4B-00C04F79EFBC}") = "Desafio 1017", "..\Desafio 1017\Desafio 1017.csproj", "{B29C3716-C595-4856-980F-DF7F7E907F81}"
EndProject
Project("{FAE04EC0-301F-11D3-BF4B-00C04F79EFBC}") = "Desafio 1019", "..\Desafio 1019\Desafio 1019.csproj", "{8609DB34-3E10-49E4-9CE9-B568438037C9}"
EndProject
Project("{FAE04EC0-301F-11D3-BF4B-00C04F79EFBC}") = "Desafio 1018", "..\Desafio 1018\Desafio 1018.csproj", "{16A870F3-65C3-4269-822A-242E38AF62EB}"
EndProject
Project("{FAE04EC0-301F-11D3-BF4B-00C04F79EFBC}") = "Desafio 1020", "..\Desafio 1020\Desafio 1020.csproj", "{84C89FE5-2933-4293-8A0C-BD5E8A32AD8E}"
EndProject
Project("{FAE04EC0-301F-11D3-BF4B-00C04F79EFBC}") = "Desafio 1021", "..\Desafio 1021\Desafio 1021.csproj", "{B2D81267-E88D-4481-9428-517D7C09891D}"
EndProject
Project("{FAE04EC0-301F-11D3-BF4B-00C04F79EFBC}") = "Teste estrutura", "..\Teste estrutura\Teste estrutura.csproj", "{64A2F075-002D-4D84-A3D3-7ED3E9A1ABF5}"
EndProject
Project("{FAE04EC0-301F-11D3-BF4B-00C04F79EFBC}") = "Estrutura composta", "..\Estrutura composta\Estrutura composta.csproj", "{4EC09E5C-2076-4EFF-8C90-099881AB70D3}"
EndProject
Project("{FAE04EC0-301F-11D3-BF4B-00C04F79EFBC}") = "ExerEstruturaCond", "..\ExerEstruturaCond\ExerEstruturaCond.csproj", "{4DB31F6B-FAED-4C46-9EE8-88B70BD368C8}"
EndProject
Project("{FAE04EC0-301F-11D3-BF4B-00C04F79EFBC}") = "Desafio 1036", "..\Desafio 1036\Desafio 1036.csproj", "{EB7FBB0B-6FC0-493F-BD97-1EEB7F6A1FB1}"
EndProject
Project("{FAE04EC0-301F-11D3-BF4B-00C04F79EFBC}") = "Teste 01", "..\Teste 01\Teste 01.csproj", "{9D0F4A8A-F94C-4AA0-B7EA-9FED4F9B8647}"
EndProject
Project("{FAE04EC0-301F-11D3-BF4B-00C04F79EFBC}") = "Teste 02", "..\Teste 02\Teste 02.csproj", "{3BFC55FB-708C-41DB-81AA-256190D4DAEC}"
EndProject
Project("{FAE04EC0-301F-11D3-BF4B-00C04F79EFBC}") = "Desafio 1035", "..\Desafio 1035\Desafio 1035.csproj", "{94D301E1-DB8A-4B29-B9D3-E01D8D52DA7B}"
EndProject
Project("{FAE04EC0-301F-11D3-BF4B-00C04F79EFBC}") = "Desafio 1030", "..\Desafio 1030\Desafio 1030.csproj", "{243DC402-22F9-4650-838B-CFCC47630D8E}"
EndProject
Project("{FAE04EC0-301F-11D3-BF4B-00C04F79EFBC}") = "Desafio 1038", "..\Desafio 1038\Desafio 1038.csproj", "{C8541630-905E-4482-A0E2-1B2712ED3D66}"
EndProject
Project("{FAE04EC0-301F-11D3-BF4B-00C04F79EFBC}") = "Desafio 1044", "..\Desafio 1044\Desafio 1044.csproj", "{7027D92D-CE24-4923-A558-029171653C33}"
EndProject
Project("{FAE04EC0-301F-11D3-BF4B-00C04F79EFBC}") = "Desafio 1046", "..\Desafio 1046\Desafio 1046.csproj", "{4F79AC29-9E77-464C-AD7E-39B47D3821B2}"
EndProject
Project("{FAE04EC0-301F-11D3-BF4B-00C04F79EFBC}") = "Desafio 1048", "..\Desafio 1048\Desafio 1048.csproj", "{4549DC52-ED73-4F12-AA8F-40C17155049E}"
EndProject
Project("{FAE04EC0-301F-11D3-BF4B-00C04F79EFBC}") = "Desafio 1037", "..\Desafio 1037\Desafio 1037.csproj", "{0C992254-C2A5-485A-A347-5309965AAE14}"
EndProject
Global
	GlobalSection(SolutionConfigurationPlatforms) = preSolution
		Debug|Any CPU = Debug|Any CPU
		Release|Any CPU = Release|Any CPU
	EndGlobalSection
	GlobalSection(ProjectConfigurationPlatforms) = postSolution
		{A4B0D801-D8B5-49B3-90CD-39FD6188F1C6}.Debug|Any CPU.ActiveCfg = Debug|Any CPU
		{A4B0D801-D8B5-49B3-90CD-39FD6188F1C6}.Debug|Any CPU.Build.0 = Debug|Any CPU
		{A4B0D801-D8B5-49B3-90CD-39FD6188F1C6}.Release|Any CPU.ActiveCfg = Release|Any CPU
		{A4B0D801-D8B5-49B3-90CD-39FD6188F1C6}.Release|Any CPU.Build.0 = Release|Any CPU
		{FD857632-5027-4B68-B807-E6AE572D9541}.Debug|Any CPU.ActiveCfg = Debug|Any CPU
		{FD857632-5027-4B68-B807-E6AE572D9541}.Debug|Any CPU.Build.0 = Debug|Any CPU
		{FD857632-5027-4B68-B807-E6AE572D9541}.Release|Any CPU.ActiveCfg = Release|Any CPU
		{FD857632-5027-4B68-B807-E6AE572D9541}.Release|Any CPU.Build.0 = Release|Any CPU
		{8174A407-CAEF-4F07-B981-D44AECC047EA}.Debug|Any CPU.ActiveCfg = Debug|Any CPU
		{8174A407-CAEF-4F07-B981-D44AECC047EA}.Debug|Any CPU.Build.0 = Debug|Any CPU
		{8174A407-CAEF-4F07-B981-D44AECC047EA}.Release|Any CPU.ActiveCfg = Release|Any CPU
		{8174A407-CAEF-4F07-B981-D44AECC047EA}.Release|Any CPU.Build.0 = Release|Any CPU
		{6023C378-8939-4CF0-B0B2-390426E19515}.Debug|Any CPU.ActiveCfg = Debug|Any CPU
		{6023C378-8939-4CF0-B0B2-390426E19515}.Debug|Any CPU.Build.0 = Debug|Any CPU
		{6023C378-8939-4CF0-B0B2-390426E19515}.Release|Any CPU.ActiveCfg = Release|Any CPU
		{6023C378-8939-4CF0-B0B2-390426E19515}.Release|Any CPU.Build.0 = Release|Any CPU
		{5E1ECE46-3A3B-47E9-910E-D5717163AFFF}.Debug|Any CPU.ActiveCfg = Debug|Any CPU
		{5E1ECE46-3A3B-47E9-910E-D5717163AFFF}.Debug|Any CPU.Build.0 = Debug|Any CPU
		{5E1ECE46-3A3B-47E9-910E-D5717163AFFF}.Release|Any CPU.ActiveCfg = Release|Any CPU
		{5E1ECE46-3A3B-47E9-910E-D5717163AFFF}.Release|Any CPU.Build.0 = Release|Any CPU
		{B8CEF601-A133-4BDE-92AB-AF07733D0799}.Debug|Any CPU.ActiveCfg = Debug|Any CPU
		{B8CEF601-A133-4BDE-92AB-AF07733D0799}.Debug|Any CPU.Build.0 = Debug|Any CPU
		{B8CEF601-A133-4BDE-92AB-AF07733D0799}.Release|Any CPU.ActiveCfg = Release|Any CPU
		{B8CEF601-A133-4BDE-92AB-AF07733D0799}.Release|Any CPU.Build.0 = Release|Any CPU
		{C9D11A67-0EBF-4D2F-BCFC-259F728DFA17}.Debug|Any CPU.ActiveCfg = Debug|Any CPU
		{C9D11A67-0EBF-4D2F-BCFC-259F728DFA17}.Debug|Any CPU.Build.0 = Debug|Any CPU
		{C9D11A67-0EBF-4D2F-BCFC-259F728DFA17}.Release|Any CPU.ActiveCfg = Release|Any CPU
		{C9D11A67-0EBF-4D2F-BCFC-259F728DFA17}.Release|Any CPU.Build.0 = Release|Any CPU
		{03E43F20-818A-4C12-9642-E6AF44C33061}.Debug|Any CPU.ActiveCfg = Debug|Any CPU
		{03E43F20-818A-4C12-9642-E6AF44C33061}.Debug|Any CPU.Build.0 = Debug|Any CPU
		{03E43F20-818A-4C12-9642-E6AF44C33061}.Release|Any CPU.ActiveCfg = Release|Any CPU
		{03E43F20-818A-4C12-9642-E6AF44C33061}.Release|Any CPU.Build.0 = Release|Any CPU
		{4A28FBA5-4666-439E-ADE7-C05A0160CB17}.Debug|Any CPU.ActiveCfg = Debug|Any CPU
		{4A28FBA5-4666-439E-ADE7-C05A0160CB17}.Debug|Any CPU.Build.0 = Debug|Any CPU
		{4A28FBA5-4666-439E-ADE7-C05A0160CB17}.Release|Any CPU.ActiveCfg = Release|Any CPU
		{4A28FBA5-4666-439E-ADE7-C05A0160CB17}.Release|Any CPU.Build.0 = Release|Any CPU
		{FE94471B-86BF-4927-9747-0F6F4F5A2631}.Debug|Any CPU.ActiveCfg = Debug|Any CPU
		{FE94471B-86BF-4927-9747-0F6F4F5A2631}.Debug|Any CPU.Build.0 = Debug|Any CPU
		{FE94471B-86BF-4927-9747-0F6F4F5A2631}.Release|Any CPU.ActiveCfg = Release|Any CPU
		{FE94471B-86BF-4927-9747-0F6F4F5A2631}.Release|Any CPU.Build.0 = Release|Any CPU
		{E77CCB5C-415F-4ACB-A984-2C91E951241F}.Debug|Any CPU.ActiveCfg = Debug|Any CPU
		{E77CCB5C-415F-4ACB-A984-2C91E951241F}.Debug|Any CPU.Build.0 = Debug|Any CPU
		{E77CCB5C-415F-4ACB-A984-2C91E951241F}.Release|Any CPU.ActiveCfg = Release|Any CPU
		{E77CCB5C-415F-4ACB-A984-2C91E951241F}.Release|Any CPU.Build.0 = Release|Any CPU
		{650E350F-7484-4C42-9A7F-353B4F1F171F}.Debug|Any CPU.ActiveCfg = Debug|Any CPU
		{650E350F-7484-4C42-9A7F-353B4F1F171F}.Debug|Any CPU.Build.0 = Debug|Any CPU
		{650E350F-7484-4C42-9A7F-353B4F1F171F}.Release|Any CPU.ActiveCfg = Release|Any CPU
		{650E350F-7484-4C42-9A7F-353B4F1F171F}.Release|Any CPU.Build.0 = Release|Any CPU
		{456E5801-063D-483F-A0F0-8567DD044E27}.Debug|Any CPU.ActiveCfg = Debug|Any CPU
		{456E5801-063D-483F-A0F0-8567DD044E27}.Debug|Any CPU.Build.0 = Debug|Any CPU
		{456E5801-063D-483F-A0F0-8567DD044E27}.Release|Any CPU.ActiveCfg = Release|Any CPU
		{456E5801-063D-483F-A0F0-8567DD044E27}.Release|Any CPU.Build.0 = Release|Any CPU
		{56292FF6-15FD-4EA7-B783-00EB08D1DB27}.Debug|Any CPU.ActiveCfg = Debug|Any CPU
		{56292FF6-15FD-4EA7-B783-00EB08D1DB27}.Debug|Any CPU.Build.0 = Debug|Any CPU
		{56292FF6-15FD-4EA7-B783-00EB08D1DB27}.Release|Any CPU.ActiveCfg = Release|Any CPU
		{56292FF6-15FD-4EA7-B783-00EB08D1DB27}.Release|Any CPU.Build.0 = Release|Any CPU
		{D64EEAA2-2FFF-42F6-B4FB-1DC699A3A591}.Debug|Any CPU.ActiveCfg = Debug|Any CPU
		{D64EEAA2-2FFF-42F6-B4FB-1DC699A3A591}.Debug|Any CPU.Build.0 = Debug|Any CPU
		{D64EEAA2-2FFF-42F6-B4FB-1DC699A3A591}.Release|Any CPU.ActiveCfg = Release|Any CPU
		{D64EEAA2-2FFF-42F6-B4FB-1DC699A3A591}.Release|Any CPU.Build.0 = Release|Any CPU
		{B29C3716-C595-4856-980F-DF7F7E907F81}.Debug|Any CPU.ActiveCfg = Debug|Any CPU
		{B29C3716-C595-4856-980F-DF7F7E907F81}.Debug|Any CPU.Build.0 = Debug|Any CPU
		{B29C3716-C595-4856-980F-DF7F7E907F81}.Release|Any CPU.ActiveCfg = Release|Any CPU
		{B29C3716-C595-4856-980F-DF7F7E907F81}.Release|Any CPU.Build.0 = Release|Any CPU
		{8609DB34-3E10-49E4-9CE9-B568438037C9}.Debug|Any CPU.ActiveCfg = Debug|Any CPU
		{8609DB34-3E10-49E4-9CE9-B568438037C9}.Debug|Any CPU.Build.0 = Debug|Any CPU
		{8609DB34-3E10-49E4-9CE9-B568438037C9}.Release|Any CPU.ActiveCfg = Release|Any CPU
		{8609DB34-3E10-49E4-9CE9-B568438037C9}.Release|Any CPU.Build.0 = Release|Any CPU
		{16A870F3-65C3-4269-822A-242E38AF62EB}.Debug|Any CPU.ActiveCfg = Debug|Any CPU
		{16A870F3-65C3-4269-822A-242E38AF62EB}.Debug|Any CPU.Build.0 = Debug|Any CPU
		{16A870F3-65C3-4269-822A-242E38AF62EB}.Release|Any CPU.ActiveCfg = Release|Any CPU
		{16A870F3-65C3-4269-822A-242E38AF62EB}.Release|Any CPU.Build.0 = Release|Any CPU
		{84C89FE5-2933-4293-8A0C-BD5E8A32AD8E}.Debug|Any CPU.ActiveCfg = Debug|Any CPU
		{84C89FE5-2933-4293-8A0C-BD5E8A32AD8E}.Debug|Any CPU.Build.0 = Debug|Any CPU
		{84C89FE5-2933-4293-8A0C-BD5E8A32AD8E}.Release|Any CPU.ActiveCfg = Release|Any CPU
		{84C89FE5-2933-4293-8A0C-BD5E8A32AD8E}.Release|Any CPU.Build.0 = Release|Any CPU
		{B2D81267-E88D-4481-9428-517D7C09891D}.Debug|Any CPU.ActiveCfg = Debug|Any CPU
		{B2D81267-E88D-4481-9428-517D7C09891D}.Debug|Any CPU.Build.0 = Debug|Any CPU
		{B2D81267-E88D-4481-9428-517D7C09891D}.Release|Any CPU.ActiveCfg = Release|Any CPU
		{B2D81267-E88D-4481-9428-517D7C09891D}.Release|Any CPU.Build.0 = Release|Any CPU
		{64A2F075-002D-4D84-A3D3-7ED3E9A1ABF5}.Debug|Any CPU.ActiveCfg = Debug|Any CPU
		{64A2F075-002D-4D84-A3D3-7ED3E9A1ABF5}.Debug|Any CPU.Build.0 = Debug|Any CPU
		{64A2F075-002D-4D84-A3D3-7ED3E9A1ABF5}.Release|Any CPU.ActiveCfg = Release|Any CPU
		{64A2F075-002D-4D84-A3D3-7ED3E9A1ABF5}.Release|Any CPU.Build.0 = Release|Any CPU
		{4EC09E5C-2076-4EFF-8C90-099881AB70D3}.Debug|Any CPU.ActiveCfg = Debug|Any CPU
		{4EC09E5C-2076-4EFF-8C90-099881AB70D3}.Debug|Any CPU.Build.0 = Debug|Any CPU
		{4EC09E5C-2076-4EFF-8C90-099881AB70D3}.Release|Any CPU.ActiveCfg = Release|Any CPU
		{4EC09E5C-2076-4EFF-8C90-099881AB70D3}.Release|Any CPU.Build.0 = Release|Any CPU
		{4DB31F6B-FAED-4C46-9EE8-88B70BD368C8}.Debug|Any CPU.ActiveCfg = Debug|Any CPU
		{4DB31F6B-FAED-4C46-9EE8-88B70BD368C8}.Debug|Any CPU.Build.0 = Debug|Any CPU
		{4DB31F6B-FAED-4C46-9EE8-88B70BD368C8}.Release|Any CPU.ActiveCfg = Release|Any CPU
		{4DB31F6B-FAED-4C46-9EE8-88B70BD368C8}.Release|Any CPU.Build.0 = Release|Any CPU
		{EB7FBB0B-6FC0-493F-BD97-1EEB7F6A1FB1}.Debug|Any CPU.ActiveCfg = Debug|Any CPU
		{EB7FBB0B-6FC0-493F-BD97-1EEB7F6A1FB1}.Debug|Any CPU.Build.0 = Debug|Any CPU
		{EB7FBB0B-6FC0-493F-BD97-1EEB7F6A1FB1}.Release|Any CPU.ActiveCfg = Release|Any CPU
		{EB7FBB0B-6FC0-493F-BD97-1EEB7F6A1FB1}.Release|Any CPU.Build.0 = Release|Any CPU
		{9D0F4A8A-F94C-4AA0-B7EA-9FED4F9B8647}.Debug|Any CPU.ActiveCfg = Debug|Any CPU
		{9D0F4A8A-F94C-4AA0-B7EA-9FED4F9B8647}.Debug|Any CPU.Build.0 = Debug|Any CPU
		{9D0F4A8A-F94C-4AA0-B7EA-9FED4F9B8647}.Release|Any CPU.ActiveCfg = Release|Any CPU
		{9D0F4A8A-F94C-4AA0-B7EA-9FED4F9B8647}.Release|Any CPU.Build.0 = Release|Any CPU
		{3BFC55FB-708C-41DB-81AA-256190D4DAEC}.Debug|Any CPU.ActiveCfg = Debug|Any CPU
		{3BFC55FB-708C-41DB-81AA-256190D4DAEC}.Debug|Any CPU.Build.0 = Debug|Any CPU
		{3BFC55FB-708C-41DB-81AA-256190D4DAEC}.Release|Any CPU.ActiveCfg = Release|Any CPU
		{3BFC55FB-708C-41DB-81AA-256190D4DAEC}.Release|Any CPU.Build.0 = Release|Any CPU
		{94D301E1-DB8A-4B29-B9D3-E01D8D52DA7B}.Debug|Any CPU.ActiveCfg = Debug|Any CPU
		{94D301E1-DB8A-4B29-B9D3-E01D8D52DA7B}.Debug|Any CPU.Build.0 = Debug|Any CPU
		{94D301E1-DB8A-4B29-B9D3-E01D8D52DA7B}.Release|Any CPU.ActiveCfg = Release|Any CPU
		{94D301E1-DB8A-4B29-B9D3-E01D8D52DA7B}.Release|Any CPU.Build.0 = Release|Any CPU
		{243DC402-22F9-4650-838B-CFCC47630D8E}.Debug|Any CPU.ActiveCfg = Debug|Any CPU
		{243DC402-22F9-4650-838B-CFCC47630D8E}.Debug|Any CPU.Build.0 = Debug|Any CPU
		{243DC402-22F9-4650-838B-CFCC47630D8E}.Release|Any CPU.ActiveCfg = Release|Any CPU
		{243DC402-22F9-4650-838B-CFCC47630D8E}.Release|Any CPU.Build.0 = Release|Any CPU
		{C8541630-905E-4482-A0E2-1B2712ED3D66}.Debug|Any CPU.ActiveCfg = Debug|Any CPU
		{C8541630-905E-4482-A0E2-1B2712ED3D66}.Debug|Any CPU.Build.0 = Debug|Any CPU
		{C8541630-905E-4482-A0E2-1B2712ED3D66}.Release|Any CPU.ActiveCfg = Release|Any CPU
		{C8541630-905E-4482-A0E2-1B2712ED3D66}.Release|Any CPU.Build.0 = Release|Any CPU
		{7027D92D-CE24-4923-A558-029171653C33}.Debug|Any CPU.ActiveCfg = Debug|Any CPU
		{7027D92D-CE24-4923-A558-029171653C33}.Debug|Any CPU.Build.0 = Debug|Any CPU
		{7027D92D-CE24-4923-A558-029171653C33}.Release|Any CPU.ActiveCfg = Release|Any CPU
		{7027D92D-CE24-4923-A558-029171653C33}.Release|Any CPU.Build.0 = Release|Any CPU
		{4F79AC29-9E77-464C-AD7E-39B47D3821B2}.Debug|Any CPU.ActiveCfg = Debug|Any CPU
		{4F79AC29-9E77-464C-AD7E-39B47D3821B2}.Debug|Any CPU.Build.0 = Debug|Any CPU
		{4F79AC29-9E77-464C-AD7E-39B47D3821B2}.Release|Any CPU.ActiveCfg = Release|Any CPU
		{4F79AC29-9E77-464C-AD7E-39B47D3821B2}.Release|Any CPU.Build.0 = Release|Any CPU
		{4549DC52-ED73-4F12-AA8F-40C17155049E}.Debug|Any CPU.ActiveCfg = Debug|Any CPU
		{4549DC52-ED73-4F12-AA8F-40C17155049E}.Debug|Any CPU.Build.0 = Debug|Any CPU
		{4549DC52-ED73-4F12-AA8F-40C17155049E}.Release|Any CPU.ActiveCfg = Release|Any CPU
		{4549DC52-ED73-4F12-AA8F-40C17155049E}.Release|Any CPU.Build.0 = Release|Any CPU
		{0C992254-C2A5-485A-A347-5309965AAE14}.Debug|Any CPU.ActiveCfg = Debug|Any CPU
		{0C992254-C2A5-485A-A347-5309965AAE14}.Debug|Any CPU.Build.0 = Debug|Any CPU
		{0C992254-C2A5-485A-A347-5309965AAE14}.Release|Any CPU.ActiveCfg = Release|Any CPU
		{0C992254-C2A5-485A-A347-5309965AAE14}.Release|Any CPU.Build.0 = Release|Any CPU
	EndGlobalSection
	GlobalSection(SolutionProperties) = preSolution
		HideSolutionNode = FALSE
	EndGlobalSection
	GlobalSection(ExtensibilityGlobals) = postSolution
		SolutionGuid = {0B16BDA4-952F-452D-92BC-06F915479A73}
	EndGlobalSection
EndGlobal
